
Microsoft Visual Studio Solution File, Format Version 12.00
# Visual Studio 2012
Project("{8BC9CEB8-8B4A-11D0-8D11-00A0C91BC942}") = "EVRPresenter", "EVRPresenter\EVRPresenter.vcxproj", "{93795BD8-0E1B-4D6C-B5F4-B49533E8C7E8}"
	ProjectSection(ProjectDependencies) = postProject
		{530890F8-CBCB-4DAB-BEDF-9FB667D0AFEE} = {530890F8-CBCB-4DAB-BEDF-9FB667D0AFEE}
	EndProjectSection
EndProject
Project("{FAE04EC0-301F-11D3-BF4B-00C04F79EFBC}") = "MediaPoint_MVVM", "MediaPoint_MVVM\MediaPoint_MVVM.csproj", "{ECFB0594-94A6-47D4-8BC2-37220A612C26}"
	ProjectSection(ProjectDependencies) = postProject
		{B7DE0555-40BE-4BCA-A8E6-D8A4126E30FF} = {B7DE0555-40BE-4BCA-A8E6-D8A4126E30FF}
	EndProjectSection
EndProject
Project("{FAE04EC0-301F-11D3-BF4B-00C04F79EFBC}") = "MediaPoint_ViewModels", "MediaPoint_ViewModels\MediaPoint_ViewModels.csproj", "{5095DE25-88DC-4124-A9B7-F0E2DBEDD6DB}"
EndProject
Project("{FAE04EC0-301F-11D3-BF4B-00C04F79EFBC}") = "MediaPoint_Controls", "MediaPoint_Controls\MediaPoint_Controls.csproj", "{E5AB1721-C50A-4885-9F24-41687A2F7828}"
EndProject
Project("{FAE04EC0-301F-11D3-BF4B-00C04F79EFBC}") = "MediaPoint_App", "MediaPoint_App\MediaPoint_App.csproj", "{C028F94F-87D2-47F4-B68B-3433A6083325}"
	ProjectSection(ProjectDependencies) = postProject
		{51BFA08F-E12D-4294-91BA-AE930BCB67F0} = {51BFA08F-E12D-4294-91BA-AE930BCB67F0}
	EndProjectSection
EndProject
Project("{FAE04EC0-301F-11D3-BF4B-00C04F79EFBC}") = "MediaPoint_Common", "MediaPoint_Common\MediaPoint_Common.csproj", "{B7DE0555-40BE-4BCA-A8E6-D8A4126E30FF}"
	ProjectSection(ProjectDependencies) = postProject
		{98BE1309-CEB4-45EE-B4AD-28BAF0570FAB} = {98BE1309-CEB4-45EE-B4AD-28BAF0570FAB}
		{93795BD8-0E1B-4D6C-B5F4-B49533E8C7E8} = {93795BD8-0E1B-4D6C-B5F4-B49533E8C7E8}
	EndProjectSection
EndProject
Project("{FAE04EC0-301F-11D3-BF4B-00C04F79EFBC}") = "WPFSpark", "WPFSpark\WPFSpark.csproj", "{98BE1309-CEB4-45EE-B4AD-28BAF0570FAB}"
EndProject
Project("{FAE04EC0-301F-11D3-BF4B-00C04F79EFBC}") = "InstallTool", "InstallTool\InstallTool.csproj", "{51BFA08F-E12D-4294-91BA-AE930BCB67F0}"
	ProjectSection(ProjectDependencies) = postProject
		{5095DE25-88DC-4124-A9B7-F0E2DBEDD6DB} = {5095DE25-88DC-4124-A9B7-F0E2DBEDD6DB}
	EndProjectSection
EndProject
Project("{2150E333-8FDC-42A3-9474-1A3956D46DE8}") = "_Setup", "_Setup", "{1E01727D-F14F-4BDE-BFCF-F28BC503A7B6}"
EndProject
Project("{6141683F-8A12-4E36-9623-2EB02B2C2303}") = "MediaPoint Setup x86", "MediaPoint_Setup_x86\MediaPoint Setup x86.isproj", "{61695006-241A-4FAC-AFC6-93F810642A1E}"
	ProjectSection(ProjectDependencies) = postProject
		{C028F94F-87D2-47F4-B68B-3433A6083325} = {C028F94F-87D2-47F4-B68B-3433A6083325}
		{51BFA08F-E12D-4294-91BA-AE930BCB67F0} = {51BFA08F-E12D-4294-91BA-AE930BCB67F0}
	EndProjectSection
EndProject
Project("{2150E333-8FDC-42A3-9474-1A3956D46DE8}") = "Libs", "Libs", "{24607807-8EB2-42CD-BCCB-F666E32C0567}"
EndProject
Project("{2150E333-8FDC-42A3-9474-1A3956D46DE8}") = "Docs", "Docs", "{719EB396-EEBC-44FD-A8B2-3707B1CBD032}"
	ProjectSection(SolutionItems) = preProject
		Docs\EULA.rtf = Docs\EULA.rtf
		Docs\Readme.txt = Docs\Readme.txt
		Readme_Build.txt = Readme_Build.txt
	EndProjectSection
EndProject
Project("{2150E333-8FDC-42A3-9474-1A3956D46DE8}") = "MediaPoint", "MediaPoint", "{B84BA605-4D24-4711-AC2D-E6DB4DA23D22}"
EndProject
Project("{2150E333-8FDC-42A3-9474-1A3956D46DE8}") = "VSFilter", "VSFilter", "{E0D57B78-0F5E-4341-8084-8C741FFAB19F}"
EndProject
Project("{8BC9CEB8-8B4A-11D0-8D11-00A0C91BC942}") = "BaseClasses_2012", "src\filters\BaseClasses\BaseClasses_2010\BaseClasses_2012.vcxproj", "{F558E2B6-62CF-4D1D-A6EA-448D159E5675}"
EndProject
Project("{8BC9CEB8-8B4A-11D0-8D11-00A0C91BC942}") = "basevideofilter_2012", "src\filters\transform\basevideofilter\basevideofilter_vs2012.vcxproj", "{54DDA60F-E528-4D07-A152-960A1E818680}"
EndProject
Project("{8BC9CEB8-8B4A-11D0-8D11-00A0C91BC942}") = "dsutil_2012", "src\dsutil\dsutil_vs2012.vcxproj", "{FC70988B-1AE5-4381-866D-4F405E28AC42}"
EndProject
Project("{8BC9CEB8-8B4A-11D0-8D11-00A0C91BC942}") = "Kasumi_2012", "src\thirdparty\VirtualDub\Kasumi\Kasumi_2012.vcxproj", "{0D252872-7542-4232-8D02-53F9182AEE15}"
EndProject
Project("{8BC9CEB8-8B4A-11D0-8D11-00A0C91BC942}") = "libssf_2012", "src\subtitles\libssf\libssf_vs2012.vcxproj", "{DD9D2D92-2241-408A-859E-B85D444B7E3C}"
EndProject
Project("{8BC9CEB8-8B4A-11D0-8D11-00A0C91BC942}") = "subpic_2012", "src\subpic\subpic_vs2012.vcxproj", "{D514EA4D-EAFB-47A9-A437-A582CA571251}"
EndProject
Project("{8BC9CEB8-8B4A-11D0-8D11-00A0C91BC942}") = "subtitles_2012", "src\subtitles\subtitles_vs2012.vcxproj", "{5E56335F-0FB1-4EEA-B240-D8DC5E0608E4}"
EndProject
Project("{8BC9CEB8-8B4A-11D0-8D11-00A0C91BC942}") = "system_2012", "src\thirdparty\VirtualDub\system\system_2012.vcxproj", "{C2082189-3ECB-4079-91FA-89D3C8A305C0}"
	ProjectSection(ProjectDependencies) = postProject
		{F558E2B6-62CF-4D1D-A6EA-448D159E5675} = {F558E2B6-62CF-4D1D-A6EA-448D159E5675}
	EndProjectSection
EndProject
Project("{8BC9CEB8-8B4A-11D0-8D11-00A0C91BC942}") = "vsfilter_2012", "src\filters\transform\vsfilter\vsfilter_2010\vsfilter_2012.vcxproj", "{530890F8-CBCB-4DAB-BEDF-9FB667D0AFEE}"
	ProjectSection(ProjectDependencies) = postProject
		{54DDA60F-E528-4D07-A152-960A1E818680} = {54DDA60F-E528-4D07-A152-960A1E818680}
		{D514EA4D-EAFB-47A9-A437-A582CA571251} = {D514EA4D-EAFB-47A9-A437-A582CA571251}
		{5E56335F-0FB1-4EEA-B240-D8DC5E0608E4} = {5E56335F-0FB1-4EEA-B240-D8DC5E0608E4}
		{0D252872-7542-4232-8D02-53F9182AEE15} = {0D252872-7542-4232-8D02-53F9182AEE15}
		{C2082189-3ECB-4079-91FA-89D3C8A305C0} = {C2082189-3ECB-4079-91FA-89D3C8A305C0}
		{FC70988B-1AE5-4381-866D-4F405E28AC42} = {FC70988B-1AE5-4381-866D-4F405E28AC42}
		{DD9D2D92-2241-408A-859E-B85D444B7E3C} = {DD9D2D92-2241-408A-859E-B85D444B7E3C}
		{F558E2B6-62CF-4D1D-A6EA-448D159E5675} = {F558E2B6-62CF-4D1D-A6EA-448D159E5675}
	EndProjectSection
EndProject
Global
	GlobalSection(SolutionConfigurationPlatforms) = preSolution
		Debug|x64 = Debug|x64
		Debug|x86 = Debug|x86
		Installer|x64 = Installer|x64
		Installer|x86 = Installer|x86
		Release|x64 = Release|x64
		Release|x86 = Release|x86
	EndGlobalSection
	GlobalSection(ProjectConfigurationPlatforms) = postSolution
		{93795BD8-0E1B-4D6C-B5F4-B49533E8C7E8}.Debug|x64.ActiveCfg = Release|x64
		{93795BD8-0E1B-4D6C-B5F4-B49533E8C7E8}.Debug|x64.Build.0 = Release|x64
		{93795BD8-0E1B-4D6C-B5F4-B49533E8C7E8}.Debug|x86.ActiveCfg = Release|Win32
		{93795BD8-0E1B-4D6C-B5F4-B49533E8C7E8}.Debug|x86.Build.0 = Release|Win32
		{93795BD8-0E1B-4D6C-B5F4-B49533E8C7E8}.Installer|x64.ActiveCfg = Release|x64
		{93795BD8-0E1B-4D6C-B5F4-B49533E8C7E8}.Installer|x64.Build.0 = Release|x64
		{93795BD8-0E1B-4D6C-B5F4-B49533E8C7E8}.Installer|x86.ActiveCfg = Release|Win32
		{93795BD8-0E1B-4D6C-B5F4-B49533E8C7E8}.Installer|x86.Build.0 = Release|Win32
		{93795BD8-0E1B-4D6C-B5F4-B49533E8C7E8}.Release|x64.ActiveCfg = Release|x64
		{93795BD8-0E1B-4D6C-B5F4-B49533E8C7E8}.Release|x64.Build.0 = Release|x64
		{93795BD8-0E1B-4D6C-B5F4-B49533E8C7E8}.Release|x86.ActiveCfg = Release|Win32
		{93795BD8-0E1B-4D6C-B5F4-B49533E8C7E8}.Release|x86.Build.0 = Release|Win32
		{ECFB0594-94A6-47D4-8BC2-37220A612C26}.Debug|x64.ActiveCfg = Debug|x64
		{ECFB0594-94A6-47D4-8BC2-37220A612C26}.Debug|x64.Build.0 = Debug|x64
		{ECFB0594-94A6-47D4-8BC2-37220A612C26}.Debug|x86.ActiveCfg = Debug|x86
		{ECFB0594-94A6-47D4-8BC2-37220A612C26}.Debug|x86.Build.0 = Debug|x86
		{ECFB0594-94A6-47D4-8BC2-37220A612C26}.Installer|x64.ActiveCfg = Release|x64
		{ECFB0594-94A6-47D4-8BC2-37220A612C26}.Installer|x64.Build.0 = Release|x64
		{ECFB0594-94A6-47D4-8BC2-37220A612C26}.Installer|x86.ActiveCfg = Release|x86
		{ECFB0594-94A6-47D4-8BC2-37220A612C26}.Installer|x86.Build.0 = Release|x86
		{ECFB0594-94A6-47D4-8BC2-37220A612C26}.Release|x64.ActiveCfg = Release|x64
		{ECFB0594-94A6-47D4-8BC2-37220A612C26}.Release|x64.Build.0 = Release|x64
		{ECFB0594-94A6-47D4-8BC2-37220A612C26}.Release|x86.ActiveCfg = Release|x86
		{ECFB0594-94A6-47D4-8BC2-37220A612C26}.Release|x86.Build.0 = Release|x86
		{5095DE25-88DC-4124-A9B7-F0E2DBEDD6DB}.Debug|x64.ActiveCfg = Debug|x64
		{5095DE25-88DC-4124-A9B7-F0E2DBEDD6DB}.Debug|x64.Build.0 = Debug|x64
		{5095DE25-88DC-4124-A9B7-F0E2DBEDD6DB}.Debug|x86.ActiveCfg = Debug|x86
		{5095DE25-88DC-4124-A9B7-F0E2DBEDD6DB}.Debug|x86.Build.0 = Debug|x86
		{5095DE25-88DC-4124-A9B7-F0E2DBEDD6DB}.Installer|x64.ActiveCfg = Release|x64
		{5095DE25-88DC-4124-A9B7-F0E2DBEDD6DB}.Installer|x64.Build.0 = Release|x64
		{5095DE25-88DC-4124-A9B7-F0E2DBEDD6DB}.Installer|x86.ActiveCfg = Release|x86
		{5095DE25-88DC-4124-A9B7-F0E2DBEDD6DB}.Installer|x86.Build.0 = Release|x86
		{5095DE25-88DC-4124-A9B7-F0E2DBEDD6DB}.Release|x64.ActiveCfg = Release|x64
		{5095DE25-88DC-4124-A9B7-F0E2DBEDD6DB}.Release|x64.Build.0 = Release|x64
		{5095DE25-88DC-4124-A9B7-F0E2DBEDD6DB}.Release|x86.ActiveCfg = Release|x86
		{5095DE25-88DC-4124-A9B7-F0E2DBEDD6DB}.Release|x86.Build.0 = Release|x86
		{E5AB1721-C50A-4885-9F24-41687A2F7828}.Debug|x64.ActiveCfg = Debug|x64
		{E5AB1721-C50A-4885-9F24-41687A2F7828}.Debug|x64.Build.0 = Debug|x64
		{E5AB1721-C50A-4885-9F24-41687A2F7828}.Debug|x86.ActiveCfg = Debug|x86
		{E5AB1721-C50A-4885-9F24-41687A2F7828}.Debug|x86.Build.0 = Debug|x86
		{E5AB1721-C50A-4885-9F24-41687A2F7828}.Installer|x64.ActiveCfg = Release|x64
		{E5AB1721-C50A-4885-9F24-41687A2F7828}.Installer|x64.Build.0 = Release|x64
		{E5AB1721-C50A-4885-9F24-41687A2F7828}.Installer|x86.ActiveCfg = Release|x86
		{E5AB1721-C50A-4885-9F24-41687A2F7828}.Installer|x86.Build.0 = Release|x86
		{E5AB1721-C50A-4885-9F24-41687A2F7828}.Release|x64.ActiveCfg = Release|x64
		{E5AB1721-C50A-4885-9F24-41687A2F7828}.Release|x64.Build.0 = Release|x64
		{E5AB1721-C50A-4885-9F24-41687A2F7828}.Release|x86.ActiveCfg = Release|x86
		{E5AB1721-C50A-4885-9F24-41687A2F7828}.Release|x86.Build.0 = Release|x86
		{C028F94F-87D2-47F4-B68B-3433A6083325}.Debug|x64.ActiveCfg = Debug|x64
		{C028F94F-87D2-47F4-B68B-3433A6083325}.Debug|x64.Build.0 = Debug|x64
		{C028F94F-87D2-47F4-B68B-3433A6083325}.Debug|x86.ActiveCfg = Debug|x86
		{C028F94F-87D2-47F4-B68B-3433A6083325}.Debug|x86.Build.0 = Debug|x86
		{C028F94F-87D2-47F4-B68B-3433A6083325}.Installer|x64.ActiveCfg = Release|x64
		{C028F94F-87D2-47F4-B68B-3433A6083325}.Installer|x64.Build.0 = Release|x64
		{C028F94F-87D2-47F4-B68B-3433A6083325}.Installer|x86.ActiveCfg = Release|x86
		{C028F94F-87D2-47F4-B68B-3433A6083325}.Installer|x86.Build.0 = Release|x86
		{C028F94F-87D2-47F4-B68B-3433A6083325}.Release|x64.ActiveCfg = Release|x64
		{C028F94F-87D2-47F4-B68B-3433A6083325}.Release|x64.Build.0 = Release|x64
		{C028F94F-87D2-47F4-B68B-3433A6083325}.Release|x86.ActiveCfg = Release|x86
		{C028F94F-87D2-47F4-B68B-3433A6083325}.Release|x86.Build.0 = Release|x86
		{B7DE0555-40BE-4BCA-A8E6-D8A4126E30FF}.Debug|x64.ActiveCfg = Debug|x64
		{B7DE0555-40BE-4BCA-A8E6-D8A4126E30FF}.Debug|x64.Build.0 = Debug|x64
		{B7DE0555-40BE-4BCA-A8E6-D8A4126E30FF}.Debug|x86.ActiveCfg = Debug|x86
		{B7DE0555-40BE-4BCA-A8E6-D8A4126E30FF}.Debug|x86.Build.0 = Debug|x86
		{B7DE0555-40BE-4BCA-A8E6-D8A4126E30FF}.Installer|x64.ActiveCfg = Release|x64
		{B7DE0555-40BE-4BCA-A8E6-D8A4126E30FF}.Installer|x64.Build.0 = Release|x64
		{B7DE0555-40BE-4BCA-A8E6-D8A4126E30FF}.Installer|x86.ActiveCfg = Release|x86
		{B7DE0555-40BE-4BCA-A8E6-D8A4126E30FF}.Installer|x86.Build.0 = Release|x86
		{B7DE0555-40BE-4BCA-A8E6-D8A4126E30FF}.Release|x64.ActiveCfg = Release|x64
		{B7DE0555-40BE-4BCA-A8E6-D8A4126E30FF}.Release|x64.Build.0 = Release|x64
		{B7DE0555-40BE-4BCA-A8E6-D8A4126E30FF}.Release|x86.ActiveCfg = Release|x86
		{B7DE0555-40BE-4BCA-A8E6-D8A4126E30FF}.Release|x86.Build.0 = Release|x86
		{98BE1309-CEB4-45EE-B4AD-28BAF0570FAB}.Debug|x64.ActiveCfg = Debug|Any CPU
		{98BE1309-CEB4-45EE-B4AD-28BAF0570FAB}.Debug|x64.Build.0 = Debug|Any CPU
		{98BE1309-CEB4-45EE-B4AD-28BAF0570FAB}.Debug|x86.ActiveCfg = Debug|Any CPU
		{98BE1309-CEB4-45EE-B4AD-28BAF0570FAB}.Debug|x86.Build.0 = Debug|Any CPU
		{98BE1309-CEB4-45EE-B4AD-28BAF0570FAB}.Installer|x64.ActiveCfg = Release|Any CPU
		{98BE1309-CEB4-45EE-B4AD-28BAF0570FAB}.Installer|x64.Build.0 = Release|Any CPU
		{98BE1309-CEB4-45EE-B4AD-28BAF0570FAB}.Installer|x86.ActiveCfg = Release|Any CPU
		{98BE1309-CEB4-45EE-B4AD-28BAF0570FAB}.Installer|x86.Build.0 = Release|Any CPU
		{98BE1309-CEB4-45EE-B4AD-28BAF0570FAB}.Release|x64.ActiveCfg = Release|Any CPU
		{98BE1309-CEB4-45EE-B4AD-28BAF0570FAB}.Release|x64.Build.0 = Release|Any CPU
		{98BE1309-CEB4-45EE-B4AD-28BAF0570FAB}.Release|x86.ActiveCfg = Release|Any CPU
		{98BE1309-CEB4-45EE-B4AD-28BAF0570FAB}.Release|x86.Build.0 = Release|Any CPU
		{51BFA08F-E12D-4294-91BA-AE930BCB67F0}.Debug|x64.ActiveCfg = Debug|Any CPU
		{51BFA08F-E12D-4294-91BA-AE930BCB67F0}.Debug|x64.Build.0 = Debug|Any CPU
		{51BFA08F-E12D-4294-91BA-AE930BCB67F0}.Debug|x86.ActiveCfg = Debug|Any CPU
		{51BFA08F-E12D-4294-91BA-AE930BCB67F0}.Debug|x86.Build.0 = Debug|Any CPU
		{51BFA08F-E12D-4294-91BA-AE930BCB67F0}.Installer|x64.ActiveCfg = Release|Any CPU
		{51BFA08F-E12D-4294-91BA-AE930BCB67F0}.Installer|x64.Build.0 = Release|Any CPU
		{51BFA08F-E12D-4294-91BA-AE930BCB67F0}.Installer|x86.ActiveCfg = Release|Any CPU
		{51BFA08F-E12D-4294-91BA-AE930BCB67F0}.Installer|x86.Build.0 = Release|Any CPU
		{51BFA08F-E12D-4294-91BA-AE930BCB67F0}.Release|x64.ActiveCfg = Release|Any CPU
		{51BFA08F-E12D-4294-91BA-AE930BCB67F0}.Release|x64.Build.0 = Release|Any CPU
		{51BFA08F-E12D-4294-91BA-AE930BCB67F0}.Release|x86.ActiveCfg = Release|Any CPU
		{51BFA08F-E12D-4294-91BA-AE930BCB67F0}.Release|x86.Build.0 = Release|Any CPU
		{61695006-241A-4FAC-AFC6-93F810642A1E}.Debug|x64.ActiveCfg = SingleImage
		{61695006-241A-4FAC-AFC6-93F810642A1E}.Debug|x86.ActiveCfg = SingleImage
		{61695006-241A-4FAC-AFC6-93F810642A1E}.Installer|x64.ActiveCfg = SingleImage
		{61695006-241A-4FAC-AFC6-93F810642A1E}.Installer|x86.ActiveCfg = SingleImage
		{61695006-241A-4FAC-AFC6-93F810642A1E}.Installer|x86.Build.0 = SingleImage
		{61695006-241A-4FAC-AFC6-93F810642A1E}.Release|x64.ActiveCfg = SingleImage
		{61695006-241A-4FAC-AFC6-93F810642A1E}.Release|x86.ActiveCfg = SingleImage
		{F558E2B6-62CF-4D1D-A6EA-448D159E5675}.Debug|x64.ActiveCfg = Release|x64
		{F558E2B6-62CF-4D1D-A6EA-448D159E5675}.Debug|x64.Build.0 = Release|x64
		{F558E2B6-62CF-4D1D-A6EA-448D159E5675}.Debug|x86.ActiveCfg = Release|Win32
		{F558E2B6-62CF-4D1D-A6EA-448D159E5675}.Debug|x86.Build.0 = Release|Win32
		{F558E2B6-62CF-4D1D-A6EA-448D159E5675}.Installer|x64.ActiveCfg = Release|x64
		{F558E2B6-62CF-4D1D-A6EA-448D159E5675}.Installer|x64.Build.0 = Release|x64
		{F558E2B6-62CF-4D1D-A6EA-448D159E5675}.Installer|x86.ActiveCfg = Release|Win32
		{F558E2B6-62CF-4D1D-A6EA-448D159E5675}.Installer|x86.Build.0 = Release|Win32
		{F558E2B6-62CF-4D1D-A6EA-448D159E5675}.Release|x64.ActiveCfg = Release|x64
		{F558E2B6-62CF-4D1D-A6EA-448D159E5675}.Release|x64.Build.0 = Release|x64
		{F558E2B6-62CF-4D1D-A6EA-448D159E5675}.Release|x86.ActiveCfg = Release|Win32
		{F558E2B6-62CF-4D1D-A6EA-448D159E5675}.Release|x86.Build.0 = Release|Win32
		{54DDA60F-E528-4D07-A152-960A1E818680}.Debug|x64.ActiveCfg = Release|x64
		{54DDA60F-E528-4D07-A152-960A1E818680}.Debug|x64.Build.0 = Release|x64
		{54DDA60F-E528-4D07-A152-960A1E818680}.Debug|x86.ActiveCfg = Release|Win32
		{54DDA60F-E528-4D07-A152-960A1E818680}.Debug|x86.Build.0 = Release|Win32
		{54DDA60F-E528-4D07-A152-960A1E818680}.Installer|x64.ActiveCfg = Release|x64
		{54DDA60F-E528-4D07-A152-960A1E818680}.Installer|x64.Build.0 = Release|x64
		{54DDA60F-E528-4D07-A152-960A1E818680}.Installer|x86.ActiveCfg = Release|Win32
		{54DDA60F-E528-4D07-A152-960A1E818680}.Installer|x86.Build.0 = Release|Win32
		{54DDA60F-E528-4D07-A152-960A1E818680}.Release|x64.ActiveCfg = Release|x64
		{54DDA60F-E528-4D07-A152-960A1E818680}.Release|x64.Build.0 = Release|x64
		{54DDA60F-E528-4D07-A152-960A1E818680}.Release|x86.ActiveCfg = Release|Win32
		{54DDA60F-E528-4D07-A152-960A1E818680}.Release|x86.Build.0 = Release|Win32
		{FC70988B-1AE5-4381-866D-4F405E28AC42}.Debug|x64.ActiveCfg = Release|x64
		{FC70988B-1AE5-4381-866D-4F405E28AC42}.Debug|x64.Build.0 = Release|x64
		{FC70988B-1AE5-4381-866D-4F405E28AC42}.Debug|x86.ActiveCfg = Release|Win32
		{FC70988B-1AE5-4381-866D-4F405E28AC42}.Debug|x86.Build.0 = Release|Win32
		{FC70988B-1AE5-4381-866D-4F405E28AC42}.Installer|x64.ActiveCfg = Release|x64
		{FC70988B-1AE5-4381-866D-4F405E28AC42}.Installer|x64.Build.0 = Release|x64
		{FC70988B-1AE5-4381-866D-4F405E28AC42}.Installer|x86.ActiveCfg = Release|Win32
		{FC70988B-1AE5-4381-866D-4F405E28AC42}.Installer|x86.Build.0 = Release|Win32
		{FC70988B-1AE5-4381-866D-4F405E28AC42}.Release|x64.ActiveCfg = Release|x64
		{FC70988B-1AE5-4381-866D-4F405E28AC42}.Release|x64.Build.0 = Release|x64
		{FC70988B-1AE5-4381-866D-4F405E28AC42}.Release|x86.ActiveCfg = Release|Win32
		{FC70988B-1AE5-4381-866D-4F405E28AC42}.Release|x86.Build.0 = Release|Win32
		{0D252872-7542-4232-8D02-53F9182AEE15}.Debug|x64.ActiveCfg = Release|x64
		{0D252872-7542-4232-8D02-53F9182AEE15}.Debug|x64.Build.0 = Release|x64
		{0D252872-7542-4232-8D02-53F9182AEE15}.Debug|x86.ActiveCfg = Release|Win32
		{0D252872-7542-4232-8D02-53F9182AEE15}.Debug|x86.Build.0 = Release|Win32
		{0D252872-7542-4232-8D02-53F9182AEE15}.Installer|x64.ActiveCfg = Release|x64
		{0D252872-7542-4232-8D02-53F9182AEE15}.Installer|x64.Build.0 = Release|x64
		{0D252872-7542-4232-8D02-53F9182AEE15}.Installer|x86.ActiveCfg = Release|Win32
		{0D252872-7542-4232-8D02-53F9182AEE15}.Installer|x86.Build.0 = Release|Win32
		{0D252872-7542-4232-8D02-53F9182AEE15}.Release|x64.ActiveCfg = Release|x64
		{0D252872-7542-4232-8D02-53F9182AEE15}.Release|x64.Build.0 = Release|x64
		{0D252872-7542-4232-8D02-53F9182AEE15}.Release|x86.ActiveCfg = Release|Win32
		{0D252872-7542-4232-8D02-53F9182AEE15}.Release|x86.Build.0 = Release|Win32
		{DD9D2D92-2241-408A-859E-B85D444B7E3C}.Debug|x64.ActiveCfg = Release|x64
		{DD9D2D92-2241-408A-859E-B85D444B7E3C}.Debug|x64.Build.0 = Release|x64
		{DD9D2D92-2241-408A-859E-B85D444B7E3C}.Debug|x86.ActiveCfg = Release|Win32
		{DD9D2D92-2241-408A-859E-B85D444B7E3C}.Debug|x86.Build.0 = Release|Win32
		{DD9D2D92-2241-408A-859E-B85D444B7E3C}.Installer|x64.ActiveCfg = Release|x64
		{DD9D2D92-2241-408A-859E-B85D444B7E3C}.Installer|x64.Build.0 = Release|x64
		{DD9D2D92-2241-408A-859E-B85D444B7E3C}.Installer|x86.ActiveCfg = Release|Win32
		{DD9D2D92-2241-408A-859E-B85D444B7E3C}.Installer|x86.Build.0 = Release|Win32
		{DD9D2D92-2241-408A-859E-B85D444B7E3C}.Release|x64.ActiveCfg = Release|x64
		{DD9D2D92-2241-408A-859E-B85D444B7E3C}.Release|x64.Build.0 = Release|x64
		{DD9D2D92-2241-408A-859E-B85D444B7E3C}.Release|x86.ActiveCfg = Release|Win32
		{DD9D2D92-2241-408A-859E-B85D444B7E3C}.Release|x86.Build.0 = Release|Win32
		{D514EA4D-EAFB-47A9-A437-A582CA571251}.Debug|x64.ActiveCfg = Release|x64
		{D514EA4D-EAFB-47A9-A437-A582CA571251}.Debug|x64.Build.0 = Release|x64
		{D514EA4D-EAFB-47A9-A437-A582CA571251}.Debug|x86.ActiveCfg = Release|Win32
		{D514EA4D-EAFB-47A9-A437-A582CA571251}.Debug|x86.Build.0 = Release|Win32
		{D514EA4D-EAFB-47A9-A437-A582CA571251}.Installer|x64.ActiveCfg = Release|x64
		{D514EA4D-EAFB-47A9-A437-A582CA571251}.Installer|x64.Build.0 = Release|x64
		{D514EA4D-EAFB-47A9-A437-A582CA571251}.Installer|x86.ActiveCfg = Release|Win32
		{D514EA4D-EAFB-47A9-A437-A582CA571251}.Installer|x86.Build.0 = Release|Win32
		{D514EA4D-EAFB-47A9-A437-A582CA571251}.Release|x64.ActiveCfg = Release|x64
		{D514EA4D-EAFB-47A9-A437-A582CA571251}.Release|x64.Build.0 = Release|x64
		{D514EA4D-EAFB-47A9-A437-A582CA571251}.Release|x86.ActiveCfg = Release|Win32
		{D514EA4D-EAFB-47A9-A437-A582CA571251}.Release|x86.Build.0 = Release|Win32
		{5E56335F-0FB1-4EEA-B240-D8DC5E0608E4}.Debug|x64.ActiveCfg = Release|x64
		{5E56335F-0FB1-4EEA-B240-D8DC5E0608E4}.Debug|x64.Build.0 = Release|x64
		{5E56335F-0FB1-4EEA-B240-D8DC5E0608E4}.Debug|x86.ActiveCfg = Release|Win32
		{5E56335F-0FB1-4EEA-B240-D8DC5E0608E4}.Debug|x86.Build.0 = Release|Win32
		{5E56335F-0FB1-4EEA-B240-D8DC5E0608E4}.Installer|x64.ActiveCfg = Release|x64
		{5E56335F-0FB1-4EEA-B240-D8DC5E0608E4}.Installer|x64.Build.0 = Release|x64
		{5E56335F-0FB1-4EEA-B240-D8DC5E0608E4}.Installer|x86.ActiveCfg = Release|Win32
		{5E56335F-0FB1-4EEA-B240-D8DC5E0608E4}.Installer|x86.Build.0 = Release|Win32
		{5E56335F-0FB1-4EEA-B240-D8DC5E0608E4}.Release|x64.ActiveCfg = Release|x64
		{5E56335F-0FB1-4EEA-B240-D8DC5E0608E4}.Release|x64.Build.0 = Release|x64
		{5E56335F-0FB1-4EEA-B240-D8DC5E0608E4}.Release|x86.ActiveCfg = Release|Win32
		{5E56335F-0FB1-4EEA-B240-D8DC5E0608E4}.Release|x86.Build.0 = Release|Win32
		{C2082189-3ECB-4079-91FA-89D3C8A305C0}.Debug|x64.ActiveCfg = Release|x64
		{C2082189-3ECB-4079-91FA-89D3C8A305C0}.Debug|x64.Build.0 = Release|x64
		{C2082189-3ECB-4079-91FA-89D3C8A305C0}.Debug|x86.ActiveCfg = Release|Win32
		{C2082189-3ECB-4079-91FA-89D3C8A305C0}.Debug|x86.Build.0 = Release|Win32
		{C2082189-3ECB-4079-91FA-89D3C8A305C0}.Installer|x64.ActiveCfg = Release|x64
		{C2082189-3ECB-4079-91FA-89D3C8A305C0}.Installer|x64.Build.0 = Release|x64
		{C2082189-3ECB-4079-91FA-89D3C8A305C0}.Installer|x86.ActiveCfg = Release|Win32
		{C2082189-3ECB-4079-91FA-89D3C8A305C0}.Installer|x86.Build.0 = Release|Win32
		{C2082189-3ECB-4079-91FA-89D3C8A305C0}.Release|x64.ActiveCfg = Release|x64
		{C2082189-3ECB-4079-91FA-89D3C8A305C0}.Release|x64.Build.0 = Release|x64
		{C2082189-3ECB-4079-91FA-89D3C8A305C0}.Release|x86.ActiveCfg = Release|Win32
		{C2082189-3ECB-4079-91FA-89D3C8A305C0}.Release|x86.Build.0 = Release|Win32
		{530890F8-CBCB-4DAB-BEDF-9FB667D0AFEE}.Debug|x64.ActiveCfg = Release|x64
		{530890F8-CBCB-4DAB-BEDF-9FB667D0AFEE}.Debug|x64.Build.0 = Release|x64
		{530890F8-CBCB-4DAB-BEDF-9FB667D0AFEE}.Debug|x86.ActiveCfg = Release|Win32
		{530890F8-CBCB-4DAB-BEDF-9FB667D0AFEE}.Debug|x86.Build.0 = Release|Win32
		{530890F8-CBCB-4DAB-BEDF-9FB667D0AFEE}.Installer|x64.ActiveCfg = Release|x64
		{530890F8-CBCB-4DAB-BEDF-9FB667D0AFEE}.Installer|x64.Build.0 = Release|x64
		{530890F8-CBCB-4DAB-BEDF-9FB667D0AFEE}.Installer|x86.ActiveCfg = Release|Win32
		{530890F8-CBCB-4DAB-BEDF-9FB667D0AFEE}.Installer|x86.Build.0 = Release|Win32
		{530890F8-CBCB-4DAB-BEDF-9FB667D0AFEE}.Release|x64.ActiveCfg = Release|x64
		{530890F8-CBCB-4DAB-BEDF-9FB667D0AFEE}.Release|x64.Build.0 = Release|x64
		{530890F8-CBCB-4DAB-BEDF-9FB667D0AFEE}.Release|x86.ActiveCfg = Release|Win32
		{530890F8-CBCB-4DAB-BEDF-9FB667D0AFEE}.Release|x86.Build.0 = Release|Win32
	EndGlobalSection
	GlobalSection(SolutionProperties) = preSolution
		HideSolutionNode = FALSE
	EndGlobalSection
	GlobalSection(NestedProjects) = preSolution
		{98BE1309-CEB4-45EE-B4AD-28BAF0570FAB} = {24607807-8EB2-42CD-BCCB-F666E32C0567}
		{93795BD8-0E1B-4D6C-B5F4-B49533E8C7E8} = {24607807-8EB2-42CD-BCCB-F666E32C0567}
		{E0D57B78-0F5E-4341-8084-8C741FFAB19F} = {24607807-8EB2-42CD-BCCB-F666E32C0567}
		{5095DE25-88DC-4124-A9B7-F0E2DBEDD6DB} = {B84BA605-4D24-4711-AC2D-E6DB4DA23D22}
		{E5AB1721-C50A-4885-9F24-41687A2F7828} = {B84BA605-4D24-4711-AC2D-E6DB4DA23D22}
		{C028F94F-87D2-47F4-B68B-3433A6083325} = {B84BA605-4D24-4711-AC2D-E6DB4DA23D22}
		{B7DE0555-40BE-4BCA-A8E6-D8A4126E30FF} = {B84BA605-4D24-4711-AC2D-E6DB4DA23D22}
		{ECFB0594-94A6-47D4-8BC2-37220A612C26} = {B84BA605-4D24-4711-AC2D-E6DB4DA23D22}
		{51BFA08F-E12D-4294-91BA-AE930BCB67F0} = {1E01727D-F14F-4BDE-BFCF-F28BC503A7B6}
		{61695006-241A-4FAC-AFC6-93F810642A1E} = {1E01727D-F14F-4BDE-BFCF-F28BC503A7B6}
		{F558E2B6-62CF-4D1D-A6EA-448D159E5675} = {E0D57B78-0F5E-4341-8084-8C741FFAB19F}
		{54DDA60F-E528-4D07-A152-960A1E818680} = {E0D57B78-0F5E-4341-8084-8C741FFAB19F}
		{FC70988B-1AE5-4381-866D-4F405E28AC42} = {E0D57B78-0F5E-4341-8084-8C741FFAB19F}
		{0D252872-7542-4232-8D02-53F9182AEE15} = {E0D57B78-0F5E-4341-8084-8C741FFAB19F}
		{DD9D2D92-2241-408A-859E-B85D444B7E3C} = {E0D57B78-0F5E-4341-8084-8C741FFAB19F}
		{D514EA4D-EAFB-47A9-A437-A582CA571251} = {E0D57B78-0F5E-4341-8084-8C741FFAB19F}
		{5E56335F-0FB1-4EEA-B240-D8DC5E0608E4} = {E0D57B78-0F5E-4341-8084-8C741FFAB19F}
		{C2082189-3ECB-4079-91FA-89D3C8A305C0} = {E0D57B78-0F5E-4341-8084-8C741FFAB19F}
		{530890F8-CBCB-4DAB-BEDF-9FB667D0AFEE} = {E0D57B78-0F5E-4341-8084-8C741FFAB19F}
	EndGlobalSection
EndGlobal
